
Microsoft Visual Studio Solution File, Format Version 12.00
# Visual Studio Version 17
VisualStudioVersion = 17.14.36221.1
MinimumVisualStudioVersion = 10.0.40219.1
Project("{FAE04EC0-301F-11D3-BF4B-00C04F79EFBC}") = "JiaHaoToolBox", "JiaHaoToolBox\JiaHaoToolBox.csproj", "{940845D6-2F3E-4532-8206-EEFFF0DA1CC3}"
EndProject
Project("{FAE04EC0-301F-11D3-BF4B-00C04F79EFBC}") = "Payload_Dumper_C#", "JiaHaoToolBox\Payload_Dumper_C#\Payload_Dumper_C#.csproj", "{3128643D-62E0-43CE-80EB-D4E3516D4E37}"
EndProject
Global
	GlobalSection(SolutionConfigurationPlatforms) = preSolution
		Debug|Any CPU = Debug|Any CPU
		Debug|x64 = Debug|x64
		Debug|x86 = Debug|x86
		Release|Any CPU = Release|Any CPU
		Release|x64 = Release|x64
		Release|x86 = Release|x86
	EndGlobalSection
	GlobalSection(ProjectConfigurationPlatforms) = postSolution
		{940845D6-2F3E-4532-8206-EEFFF0DA1CC3}.Debug|Any CPU.ActiveCfg = Debug|Any CPU
		{940845D6-2F3E-4532-8206-EEFFF0DA1CC3}.Debug|Any CPU.Build.0 = Debug|Any CPU
		{940845D6-2F3E-4532-8206-EEFFF0DA1CC3}.Debug|x64.ActiveCfg = Debug|Any CPU
		{940845D6-2F3E-4532-8206-EEFFF0DA1CC3}.Debug|x64.Build.0 = Debug|Any CPU
		{940845D6-2F3E-4532-8206-EEFFF0DA1CC3}.Debug|x86.ActiveCfg = Debug|Any CPU
		{940845D6-2F3E-4532-8206-EEFFF0DA1CC3}.Debug|x86.Build.0 = Debug|Any CPU
		{940845D6-2F3E-4532-8206-EEFFF0DA1CC3}.Release|Any CPU.ActiveCfg = Release|Any CPU
		{940845D6-2F3E-4532-8206-EEFFF0DA1CC3}.Release|Any CPU.Build.0 = Release|Any CPU
		{940845D6-2F3E-4532-8206-EEFFF0DA1CC3}.Release|x64.ActiveCfg = Release|Any CPU
		{940845D6-2F3E-4532-8206-EEFFF0DA1CC3}.Release|x64.Build.0 = Release|Any CPU
		{940845D6-2F3E-4532-8206-EEFFF0DA1CC3}.Release|x86.ActiveCfg = Release|Any CPU
		{940845D6-2F3E-4532-8206-EEFFF0DA1CC3}.Release|x86.Build.0 = Release|Any CPU
		{3128643D-62E0-43CE-80EB-D4E3516D4E37}.Debug|Any CPU.ActiveCfg = Debug|Any CPU
		{3128643D-62E0-43CE-80EB-D4E3516D4E37}.Debug|Any CPU.Build.0 = Debug|Any CPU
		{3128643D-62E0-43CE-80EB-D4E3516D4E37}.Debug|x64.ActiveCfg = Debug|Any CPU
		{3128643D-62E0-43CE-80EB-D4E3516D4E37}.Debug|x64.Build.0 = Debug|Any CPU
		{3128643D-62E0-43CE-80EB-D4E3516D4E37}.Debug|x86.ActiveCfg = Debug|Any CPU
		{3128643D-62E0-43CE-80EB-D4E3516D4E37}.Debug|x86.Build.0 = Debug|Any CPU
		{3128643D-62E0-43CE-80EB-D4E3516D4E37}.Release|Any CPU.ActiveCfg = Release|Any CPU
		{3128643D-62E0-43CE-80EB-D4E3516D4E37}.Release|Any CPU.Build.0 = Release|Any CPU
		{3128643D-62E0-43CE-80EB-D4E3516D4E37}.Release|x64.ActiveCfg = Release|Any CPU
		{3128643D-62E0-43CE-80EB-D4E3516D4E37}.Release|x64.Build.0 = Release|Any CPU
		{3128643D-62E0-43CE-80EB-D4E3516D4E37}.Release|x86.ActiveCfg = Release|Any CPU
		{3128643D-62E0-43CE-80EB-D4E3516D4E37}.Release|x86.Build.0 = Release|Any CPU
	EndGlobalSection
	GlobalSection(SolutionProperties) = preSolution
		HideSolutionNode = FALSE
	EndGlobalSection
	GlobalSection(ExtensibilityGlobals) = postSolution
		SolutionGuid = {8B609FA1-8BFE-49BB-AF3E-869990439C3E}
	EndGlobalSection
EndGlobal
